// !$*UTF8*$!
{
	archiveVersion = 1;
	classes = {
	};
	objectVersion = 55;
	objects = {

/* Begin PBXBuildFile section */
		5973FC3D299BB94400B55DAB /* Alamofire.xcframework in Frameworks */ = {isa = PBXBuildFile; fileRef = 5973FC3C299BB94400B55DAB /* Alamofire.xcframework */; };
		5973FC3E299BB94400B55DAB /* Alamofire.xcframework in Embed Frameworks */ = {isa = PBXBuildFile; fileRef = 5973FC3C299BB94400B55DAB /* Alamofire.xcframework */; settings = {ATTRIBUTES = (CodeSignOnCopy, RemoveHeadersOnCopy, ); }; };
		7D2801AE28A59F8C001E2FD0 /* OrderItemDetailsViewModel.swift in Sources */ = {isa = PBXBuildFile; fileRef = 7D2801AD28A59F8C001E2FD0 /* OrderItemDetailsViewModel.swift */; };
		7D2801B128A5BD70001E2FD0 /* CachedAsyncImage in Frameworks */ = {isa = PBXBuildFile; productRef = 7D2801B028A5BD70001E2FD0 /* CachedAsyncImage */; };
		7D2801B328A5CF73001E2FD0 /* MapView.swift in Sources */ = {isa = PBXBuildFile; fileRef = 7D2801B228A5CF73001E2FD0 /* MapView.swift */; };
		7D635B0F28A55D2800AB9DC8 /* OrderItemRowView.swift in Sources */ = {isa = PBXBuildFile; fileRef = 7D635B0E28A55D2800AB9DC8 /* OrderItemRowView.swift */; };
		7D635B1128A5632700AB9DC8 /* OrderItemDetails.swift in Sources */ = {isa = PBXBuildFile; fileRef = 7D635B1028A5632700AB9DC8 /* OrderItemDetails.swift */; };
		7D635B1328A5974000AB9DC8 /* GPSLocationViewModel.swift in Sources */ = {isa = PBXBuildFile; fileRef = 7D635B1228A5974000AB9DC8 /* GPSLocationViewModel.swift */; };
		7DC66B2928A51D7700BC74BA /* RosesAreRedApp.swift in Sources */ = {isa = PBXBuildFile; fileRef = 7DC66B2828A51D7700BC74BA /* RosesAreRedApp.swift */; };
		7DC66B2B28A51D7700BC74BA /* OrderListView.swift in Sources */ = {isa = PBXBuildFile; fileRef = 7DC66B2A28A51D7700BC74BA /* OrderListView.swift */; };
		7DC66B2D28A51D7800BC74BA /* Assets.xcassets in Resources */ = {isa = PBXBuildFile; fileRef = 7DC66B2C28A51D7800BC74BA /* Assets.xcassets */; };
		7DC66B3028A51D7800BC74BA /* Preview Assets.xcassets in Resources */ = {isa = PBXBuildFile; fileRef = 7DC66B2F28A51D7800BC74BA /* Preview Assets.xcassets */; };
		7DC66B3728A52A6200BC74BA /* API.swift in Sources */ = {isa = PBXBuildFile; fileRef = 7DC66B3628A52A6200BC74BA /* API.swift */; };
		7DC66B3928A52E1800BC74BA /* OrderListViewModel.swift in Sources */ = {isa = PBXBuildFile; fileRef = 7DC66B3828A52E1800BC74BA /* OrderListViewModel.swift */; };
		7DC66B3C28A531C400BC74BA /* Models.swift in Sources */ = {isa = PBXBuildFile; fileRef = 7DC66B3B28A531C400BC74BA /* Models.swift */; };
		7DC66B3E28A542C200BC74BA /* OrderStatusView.swift in Sources */ = {isa = PBXBuildFile; fileRef = 7DC66B3D28A542C200BC74BA /* OrderStatusView.swift */; };
/* End PBXBuildFile section */

/* Begin PBXCopyFilesBuildPhase section */
		5973FC3F299BB94400B55DAB /* Embed Frameworks */ = {
			isa = PBXCopyFilesBuildPhase;
			buildActionMask = 2147483647;
			dstPath = "";
			dstSubfolderSpec = 10;
			files = (
				5973FC3E299BB94400B55DAB /* Alamofire.xcframework in Embed Frameworks */,
			);
			name = "Embed Frameworks";
			runOnlyForDeploymentPostprocessing = 0;
		};
/* End PBXCopyFilesBuildPhase section */

/* Begin PBXFileReference section */
		5973FC3C299BB94400B55DAB /* Alamofire.xcframework */ = {isa = PBXFileReference; lastKnownFileType = wrapper.xcframework; name = Alamofire.xcframework; path = Carthage/Build/Alamofire.xcframework; sourceTree = "<group>"; };
		7D2801AD28A59F8C001E2FD0 /* OrderItemDetailsViewModel.swift */ = {isa = PBXFileReference; lastKnownFileType = sourcecode.swift; path = OrderItemDetailsViewModel.swift; sourceTree = "<group>"; };
		7D2801B228A5CF73001E2FD0 /* MapView.swift */ = {isa = PBXFileReference; lastKnownFileType = sourcecode.swift; path = MapView.swift; sourceTree = "<group>"; };
		7D635B0E28A55D2800AB9DC8 /* OrderItemRowView.swift */ = {isa = PBXFileReference; lastKnownFileType = sourcecode.swift; path = OrderItemRowView.swift; sourceTree = "<group>"; };
		7D635B1028A5632700AB9DC8 /* OrderItemDetails.swift */ = {isa = PBXFileReference; lastKnownFileType = sourcecode.swift; path = OrderItemDetails.swift; sourceTree = "<group>"; };
		7D635B1228A5974000AB9DC8 /* GPSLocationViewModel.swift */ = {isa = PBXFileReference; lastKnownFileType = sourcecode.swift; path = GPSLocationViewModel.swift; sourceTree = "<group>"; };
		7DC66B2528A51D7700BC74BA /* RosesAreRed.app */ = {isa = PBXFileReference; explicitFileType = wrapper.application; includeInIndex = 0; path = RosesAreRed.app; sourceTree = BUILT_PRODUCTS_DIR; };
		7DC66B2828A51D7700BC74BA /* RosesAreRedApp.swift */ = {isa = PBXFileReference; lastKnownFileType = sourcecode.swift; path = RosesAreRedApp.swift; sourceTree = "<group>"; };
		7DC66B2A28A51D7700BC74BA /* OrderListView.swift */ = {isa = PBXFileReference; lastKnownFileType = sourcecode.swift; path = OrderListView.swift; sourceTree = "<group>"; };
		7DC66B2C28A51D7800BC74BA /* Assets.xcassets */ = {isa = PBXFileReference; lastKnownFileType = folder.assetcatalog; path = Assets.xcassets; sourceTree = "<group>"; };
		7DC66B2F28A51D7800BC74BA /* Preview Assets.xcassets */ = {isa = PBXFileReference; lastKnownFileType = folder.assetcatalog; path = "Preview Assets.xcassets"; sourceTree = "<group>"; };
		7DC66B3628A52A6200BC74BA /* API.swift */ = {isa = PBXFileReference; lastKnownFileType = sourcecode.swift; path = API.swift; sourceTree = "<group>"; };
		7DC66B3828A52E1800BC74BA /* OrderListViewModel.swift */ = {isa = PBXFileReference; lastKnownFileType = sourcecode.swift; path = OrderListViewModel.swift; sourceTree = "<group>"; };
		7DC66B3A28A52EF800BC74BA /* Info.plist */ = {isa = PBXFileReference; lastKnownFileType = text.plist; path = Info.plist; sourceTree = "<group>"; };
		7DC66B3B28A531C400BC74BA /* Models.swift */ = {isa = PBXFileReference; lastKnownFileType = sourcecode.swift; path = Models.swift; sourceTree = "<group>"; };
		7DC66B3D28A542C200BC74BA /* OrderStatusView.swift */ = {isa = PBXFileReference; lastKnownFileType = sourcecode.swift; path = OrderStatusView.swift; sourceTree = "<group>"; };
/* End PBXFileReference section */

/* Begin PBXFrameworksBuildPhase section */
		7DC66B2228A51D7700BC74BA /* Frameworks */ = {
			isa = PBXFrameworksBuildPhase;
			buildActionMask = 2147483647;
			files = (
				5973FC3D299BB94400B55DAB /* Alamofire.xcframework in Frameworks */,
				7D2801B128A5BD70001E2FD0 /* CachedAsyncImage in Frameworks */,
			);
			runOnlyForDeploymentPostprocessing = 0;
		};
/* End PBXFrameworksBuildPhase section */

/* Begin PBXGroup section */
		5973FC3B299BB94400B55DAB /* Frameworks */ = {
			isa = PBXGroup;
			children = (
				5973FC3C299BB94400B55DAB /* Alamofire.xcframework */,
			);
			name = Frameworks;
			sourceTree = "<group>";
		};
		7DC66B1C28A51D7700BC74BA = {
			isa = PBXGroup;
			children = (
				7DC66B2728A51D7700BC74BA /* RosesAreRed */,
				7DC66B2628A51D7700BC74BA /* Products */,
				5973FC3B299BB94400B55DAB /* Frameworks */,
			);
			sourceTree = "<group>";
		};
		7DC66B2628A51D7700BC74BA /* Products */ = {
			isa = PBXGroup;
			children = (
				7DC66B2528A51D7700BC74BA /* RosesAreRed.app */,
			);
			name = Products;
			sourceTree = "<group>";
		};
		7DC66B2728A51D7700BC74BA /* RosesAreRed */ = {
			isa = PBXGroup;
			children = (
				7DC66B2828A51D7700BC74BA /* RosesAreRedApp.swift */,
				7DC66B2A28A51D7700BC74BA /* OrderListView.swift */,
				7DC66B3828A52E1800BC74BA /* OrderListViewModel.swift */,
				7D635B0E28A55D2800AB9DC8 /* OrderItemRowView.swift */,
				7DC66B3D28A542C200BC74BA /* OrderStatusView.swift */,
				7D635B1028A5632700AB9DC8 /* OrderItemDetails.swift */,
				7D2801AD28A59F8C001E2FD0 /* OrderItemDetailsViewModel.swift */,
				7D635B1228A5974000AB9DC8 /* GPSLocationViewModel.swift */,
				7D2801B228A5CF73001E2FD0 /* MapView.swift */,
				7DC66B3628A52A6200BC74BA /* API.swift */,
				7DC66B3B28A531C400BC74BA /* Models.swift */,
				7DC66B2C28A51D7800BC74BA /* Assets.xcassets */,
				7DC66B3A28A52EF800BC74BA /* Info.plist */,
				7DC66B2E28A51D7800BC74BA /* Preview Content */,
			);
			path = RosesAreRed;
			sourceTree = "<group>";
		};
		7DC66B2E28A51D7800BC74BA /* Preview Content */ = {
			isa = PBXGroup;
			children = (
				7DC66B2F28A51D7800BC74BA /* Preview Assets.xcassets */,
			);
			path = "Preview Content";
			sourceTree = "<group>";
		};
/* End PBXGroup section */

/* Begin PBXNativeTarget section */
		7DC66B2428A51D7700BC74BA /* RosesAreRed */ = {
			isa = PBXNativeTarget;
			buildConfigurationList = 7DC66B3328A51D7800BC74BA /* Build configuration list for PBXNativeTarget "RosesAreRed" */;
			buildPhases = (
				7DC66B2128A51D7700BC74BA /* Sources */,
				7DC66B2228A51D7700BC74BA /* Frameworks */,
				7DC66B2328A51D7700BC74BA /* Resources */,
				5973FC3F299BB94400B55DAB /* Embed Frameworks */,
			);
			buildRules = (
			);
			dependencies = (
			);
			name = RosesAreRed;
			packageProductDependencies = (
				7D2801B028A5BD70001E2FD0 /* CachedAsyncImage */,
			);
			productName = RosesAreRed;
			productReference = 7DC66B2528A51D7700BC74BA /* RosesAreRed.app */;
			productType = "com.apple.product-type.application";
		};
/* End PBXNativeTarget section */

/* Begin PBXProject section */
		7DC66B1D28A51D7700BC74BA /* Project object */ = {
			isa = PBXProject;
			attributes = {
				BuildIndependentTargetsInParallel = 1;
				LastSwiftUpdateCheck = 1340;
				LastUpgradeCheck = 1340;
				TargetAttributes = {
					7DC66B2428A51D7700BC74BA = {
						CreatedOnToolsVersion = 13.4.1;
					};
				};
			};
			buildConfigurationList = 7DC66B2028A51D7700BC74BA /* Build configuration list for PBXProject "RosesAreRed" */;
			compatibilityVersion = "Xcode 13.0";
			developmentRegion = en;
			hasScannedForEncodings = 0;
			knownRegions = (
				en,
				Base,
			);
			mainGroup = 7DC66B1C28A51D7700BC74BA;
			packageReferences = (
				7D2801AF28A5BD70001E2FD0 /* XCRemoteSwiftPackageReference "swiftui-cached-async-image" */,
			);
			productRefGroup = 7DC66B2628A51D7700BC74BA /* Products */;
			projectDirPath = "";
			projectRoot = "";
			targets = (
				7DC66B2428A51D7700BC74BA /* RosesAreRed */,
			);
		};
/* End PBXProject section */

/* Begin PBXResourcesBuildPhase section */
		7DC66B2328A51D7700BC74BA /* Resources */ = {
			isa = PBXResourcesBuildPhase;
			buildActionMask = 2147483647;
			files = (
				7DC66B3028A51D7800BC74BA /* Preview Assets.xcassets in Resources */,
				7DC66B2D28A51D7800BC74BA /* Assets.xcassets in Resources */,
			);
			runOnlyForDeploymentPostprocessing = 0;
		};
/* End PBXResourcesBuildPhase section */

/* Begin PBXSourcesBuildPhase section */
		7DC66B2128A51D7700BC74BA /* Sources */ = {
			isa = PBXSourcesBuildPhase;
			buildActionMask = 2147483647;
			files = (
				7DC66B2B28A51D7700BC74BA /* OrderListView.swift in Sources */,
				7DC66B3728A52A6200BC74BA /* API.swift in Sources */,
				7D635B1128A5632700AB9DC8 /* OrderItemDetails.swift in Sources */,
				7D2801B328A5CF73001E2FD0 /* MapView.swift in Sources */,
				7DC66B2928A51D7700BC74BA /* RosesAreRedApp.swift in Sources */,
				7DC66B3E28A542C200BC74BA /* OrderStatusView.swift in Sources */,
				7D2801AE28A59F8C001E2FD0 /* OrderItemDetailsViewModel.swift in Sources */,
				7D635B0F28A55D2800AB9DC8 /* OrderItemRowView.swift in Sources */,
				7DC66B3928A52E1800BC74BA /* OrderListViewModel.swift in Sources */,
				7DC66B3C28A531C400BC74BA /* Models.swift in Sources */,
				7D635B1328A5974000AB9DC8 /* GPSLocationViewModel.swift in Sources */,
			);
			runOnlyForDeploymentPostprocessing = 0;
		};
/* End PBXSourcesBuildPhase section */

/* Begin XCBuildConfiguration section */
		7DC66B3128A51D7800BC74BA /* Debug */ = {
			isa = XCBuildConfiguration;
			buildSettings = {
				ALWAYS_SEARCH_USER_PATHS = NO;
				CLANG_ANALYZER_NONNULL = YES;
				CLANG_ANALYZER_NUMBER_OBJECT_CONVERSION = YES_AGGRESSIVE;
				CLANG_CXX_LANGUAGE_STANDARD = "gnu++17";
				CLANG_ENABLE_MODULES = YES;
				CLANG_ENABLE_OBJC_ARC = YES;
				CLANG_ENABLE_OBJC_WEAK = YES;
				CLANG_WARN_BLOCK_CAPTURE_AUTORELEASING = YES;
				CLANG_WARN_BOOL_CONVERSION = YES;
				CLANG_WARN_COMMA = YES;
				CLANG_WARN_CONSTANT_CONVERSION = YES;
				CLANG_WARN_DEPRECATED_OBJC_IMPLEMENTATIONS = YES;
				CLANG_WARN_DIRECT_OBJC_ISA_USAGE = YES_ERROR;
				CLANG_WARN_DOCUMENTATION_COMMENTS = YES;
				CLANG_WARN_EMPTY_BODY = YES;
				CLANG_WARN_ENUM_CONVERSION = YES;
				CLANG_WARN_INFINITE_RECURSION = YES;
				CLANG_WARN_INT_CONVERSION = YES;
				CLANG_WARN_NON_LITERAL_NULL_CONVERSION = YES;
				CLANG_WARN_OBJC_IMPLICIT_RETAIN_SELF = YES;
				CLANG_WARN_OBJC_LITERAL_CONVERSION = YES;
				CLANG_WARN_OBJC_ROOT_CLASS = YES_ERROR;
				CLANG_WARN_QUOTED_INCLUDE_IN_FRAMEWORK_HEADER = YES;
				CLANG_WARN_RANGE_LOOP_ANALYSIS = YES;
				CLANG_WARN_STRICT_PROTOTYPES = YES;
				CLANG_WARN_SUSPICIOUS_MOVE = YES;
				CLANG_WARN_UNGUARDED_AVAILABILITY = YES_AGGRESSIVE;
				CLANG_WARN_UNREACHABLE_CODE = YES;
				CLANG_WARN__DUPLICATE_METHOD_MATCH = YES;
				COPY_PHASE_STRIP = NO;
				DEBUG_INFORMATION_FORMAT = dwarf;
				ENABLE_STRICT_OBJC_MSGSEND = YES;
				ENABLE_TESTABILITY = YES;
				GCC_C_LANGUAGE_STANDARD = gnu11;
				GCC_DYNAMIC_NO_PIC = NO;
				GCC_NO_COMMON_BLOCKS = YES;
				GCC_OPTIMIZATION_LEVEL = 0;
				GCC_PREPROCESSOR_DEFINITIONS = (
					"DEBUG=1",
					"$(inherited)",
				);
				GCC_WARN_64_TO_32_BIT_CONVERSION = YES;
				GCC_WARN_ABOUT_RETURN_TYPE = YES_ERROR;
				GCC_WARN_UNDECLARED_SELECTOR = YES;
				GCC_WARN_UNINITIALIZED_AUTOS = YES_AGGRESSIVE;
				GCC_WARN_UNUSED_FUNCTION = YES;
				GCC_WARN_UNUSED_VARIABLE = YES;
				IPHONEOS_DEPLOYMENT_TARGET = 15.0;
				MTL_ENABLE_DEBUG_INFO = INCLUDE_SOURCE;
				MTL_FAST_MATH = YES;
				ONLY_ACTIVE_ARCH = YES;
				SDKROOT = iphoneos;
				SWIFT_ACTIVE_COMPILATION_CONDITIONS = DEBUG;
				SWIFT_OPTIMIZATION_LEVEL = "-Onone";
			};
			name = Debug;
		};
		7DC66B3228A51D7800BC74BA /* Release */ = {
			isa = XCBuildConfiguration;
			buildSettings = {
				ALWAYS_SEARCH_USER_PATHS = NO;
				CLANG_ANALYZER_NONNULL = YES;
				CLANG_ANALYZER_NUMBER_OBJECT_CONVERSION = YES_AGGRESSIVE;
				CLANG_CXX_LANGUAGE_STANDARD = "gnu++17";
				CLANG_ENABLE_MODULES = YES;
				CLANG_ENABLE_OBJC_ARC = YES;
				CLANG_ENABLE_OBJC_WEAK = YES;
				CLANG_WARN_BLOCK_CAPTURE_AUTORELEASING = YES;
				CLANG_WARN_BOOL_CONVERSION = YES;
				CLANG_WARN_COMMA = YES;
				CLANG_WARN_CONSTANT_CONVERSION = YES;
				CLANG_WARN_DEPRECATED_OBJC_IMPLEMENTATIONS = YES;
				CLANG_WARN_DIRECT_OBJC_ISA_USAGE = YES_ERROR;
				CLANG_WARN_DOCUMENTATION_COMMENTS = YES;
				CLANG_WARN_EMPTY_BODY = YES;
				CLANG_WARN_ENUM_CONVERSION = YES;
				CLANG_WARN_INFINITE_RECURSION = YES;
				CLANG_WARN_INT_CONVERSION = YES;
				CLANG_WARN_NON_LITERAL_NULL_CONVERSION = YES;
				CLANG_WARN_OBJC_IMPLICIT_RETAIN_SELF = YES;
				CLANG_WARN_OBJC_LITERAL_CONVERSION = YES;
				CLANG_WARN_OBJC_ROOT_CLASS = YES_ERROR;
				CLANG_WARN_QUOTED_INCLUDE_IN_FRAMEWORK_HEADER = YES;
				CLANG_WARN_RANGE_LOOP_ANALYSIS = YES;
				CLANG_WARN_STRICT_PROTOTYPES = YES;
				CLANG_WARN_SUSPICIOUS_MOVE = YES;
				CLANG_WARN_UNGUARDED_AVAILABILITY = YES_AGGRESSIVE;
				CLANG_WARN_UNREACHABLE_CODE = YES;
				CLANG_WARN__DUPLICATE_METHOD_MATCH = YES;
				COPY_PHASE_STRIP = NO;
				DEBUG_INFORMATION_FORMAT = "dwarf-with-dsym";
				ENABLE_NS_ASSERTIONS = NO;
				ENABLE_STRICT_OBJC_MSGSEND = YES;
				GCC_C_LANGUAGE_STANDARD = gnu11;
				GCC_NO_COMMON_BLOCKS = YES;
				GCC_WARN_64_TO_32_BIT_CONVERSION = YES;
				GCC_WARN_ABOUT_RETURN_TYPE = YES_ERROR;
				GCC_WARN_UNDECLARED_SELECTOR = YES;
				GCC_WARN_UNINITIALIZED_AUTOS = YES_AGGRESSIVE;
				GCC_WARN_UNUSED_FUNCTION = YES;
				GCC_WARN_UNUSED_VARIABLE = YES;
				IPHONEOS_DEPLOYMENT_TARGET = 15.0;
				MTL_ENABLE_DEBUG_INFO = NO;
				MTL_FAST_MATH = YES;
				SDKROOT = iphoneos;
				SWIFT_COMPILATION_MODE = wholemodule;
				SWIFT_OPTIMIZATION_LEVEL = "-O";
				VALIDATE_PRODUCT = YES;
			};
			name = Release;
		};
		7DC66B3428A51D7800BC74BA /* Debug */ = {
			isa = XCBuildConfiguration;
			buildSettings = {
				ASSETCATALOG_COMPILER_APPICON_NAME = AppIcon;
				ASSETCATALOG_COMPILER_GLOBAL_ACCENT_COLOR_NAME = AccentColor;
				CODE_SIGN_STYLE = Automatic;
				CURRENT_PROJECT_VERSION = 1;
				DEVELOPMENT_ASSET_PATHS = "\"RosesAreRed/Preview Content\"";
				DEVELOPMENT_TEAM = 7F652V3TQM;
				ENABLE_PREVIEWS = YES;
				GENERATE_INFOPLIST_FILE = YES;
				INFOPLIST_FILE = RosesAreRed/Info.plist;
				INFOPLIST_KEY_NSLocationAlwaysAndWhenInUseUsageDescription = "Your location is required to calculate the distance between you and the customers.";
				INFOPLIST_KEY_NSLocationAlwaysUsageDescription = "Your location is required to calculate the distance between you and the customers.";
				INFOPLIST_KEY_NSLocationWhenInUseUsageDescription = "Your location is required to calculate the distance between you and the customers.";
				INFOPLIST_KEY_UIApplicationSceneManifest_Generation = YES;
				INFOPLIST_KEY_UIApplicationSupportsIndirectInputEvents = YES;
				INFOPLIST_KEY_UILaunchScreen_Generation = YES;
				INFOPLIST_KEY_UISupportedInterfaceOrientations = UIInterfaceOrientationPortrait;
				INFOPLIST_KEY_UISupportedInterfaceOrientations_iPad = "UIInterfaceOrientationPortrait UIInterfaceOrientationPortraitUpsideDown UIInterfaceOrientationLandscapeLeft UIInterfaceOrientationLandscapeRight";
				INFOPLIST_KEY_UISupportedInterfaceOrientations_iPhone = "UIInterfaceOrientationPortrait UIInterfaceOrientationLandscapeLeft UIInterfaceOrientationLandscapeRight";
				LD_RUNPATH_SEARCH_PATHS = (
					"$(inherited)",
					"@executable_path/Frameworks",
				);
				MARKETING_VERSION = 1.0;
				PRODUCT_BUNDLE_IDENTIFIER = "com.ileacristian.Roses-Are-Red";
				PRODUCT_NAME = "$(TARGET_NAME)";
				SWIFT_EMIT_LOC_STRINGS = YES;
				SWIFT_VERSION = 5.0;
				TARGETED_DEVICE_FAMILY = 1;
			};
			name = Debug;
		};
		7DC66B3528A51D7800BC74BA /* Release */ = {
			isa = XCBuildConfiguration;
			buildSettings = {
				ASSETCATALOG_COMPILER_APPICON_NAME = AppIcon;
				ASSETCATALOG_COMPILER_GLOBAL_ACCENT_COLOR_NAME = AccentColor;
				CODE_SIGN_STYLE = Automatic;
				CURRENT_PROJECT_VERSION = 1;
				DEVELOPMENT_ASSET_PATHS = "\"RosesAreRed/Preview Content\"";
				DEVELOPMENT_TEAM = 7F652V3TQM;
				ENABLE_PREVIEWS = YES;
				GENERATE_INFOPLIST_FILE = YES;
				INFOPLIST_FILE = RosesAreRed/Info.plist;
				INFOPLIST_KEY_NSLocationAlwaysAndWhenInUseUsageDescription = "Your location is required to calculate the distance between you and the customers.";
				INFOPLIST_KEY_NSLocationAlwaysUsageDescription = "Your location is required to calculate the distance between you and the customers.";
				INFOPLIST_KEY_NSLocationWhenInUseUsageDescription = "Your location is required to calculate the distance between you and the customers.";
				INFOPLIST_KEY_UIApplicationSceneManifest_Generation = YES;
				INFOPLIST_KEY_UIApplicationSupportsIndirectInputEvents = YES;
				INFOPLIST_KEY_UILaunchScreen_Generation = YES;
				INFOPLIST_KEY_UISupportedInterfaceOrientations = UIInterfaceOrientationPortrait;
				INFOPLIST_KEY_UISupportedInterfaceOrientations_iPad = "UIInterfaceOrientationPortrait UIInterfaceOrientationPortraitUpsideDown UIInterfaceOrientationLandscapeLeft UIInterfaceOrientationLandscapeRight";
				INFOPLIST_KEY_UISupportedInterfaceOrientations_iPhone = "UIInterfaceOrientationPortrait UIInterfaceOrientationLandscapeLeft UIInterfaceOrientationLandscapeRight";
				LD_RUNPATH_SEARCH_PATHS = (
					"$(inherited)",
					"@executable_path/Frameworks",
				);
				MARKETING_VERSION = 1.0;
				PRODUCT_BUNDLE_IDENTIFIER = "com.ileacristian.Roses-Are-Red";
				PRODUCT_NAME = "$(TARGET_NAME)";
				SWIFT_EMIT_LOC_STRINGS = YES;
				SWIFT_VERSION = 5.0;
				TARGETED_DEVICE_FAMILY = 1;
			};
			name = Release;
		};
/* End XCBuildConfiguration section */

/* Begin XCConfigurationList section */
		7DC66B2028A51D7700BC74BA /* Build configuration list for PBXProject "RosesAreRed" */ = {
			isa = XCConfigurationList;
			buildConfigurations = (
				7DC66B3128A51D7800BC74BA /* Debug */,
				7DC66B3228A51D7800BC74BA /* Release */,
			);
			defaultConfigurationIsVisible = 0;
			defaultConfigurationName = Release;
		};
		7DC66B3328A51D7800BC74BA /* Build configuration list for PBXNativeTarget "RosesAreRed" */ = {
			isa = XCConfigurationList;
			buildConfigurations = (
				7DC66B3428A51D7800BC74BA /* Debug */,
				7DC66B3528A51D7800BC74BA /* Release */,
			);
			defaultConfigurationIsVisible = 0;
			defaultConfigurationName = Release;
		};
/* End XCConfigurationList section */

/* Begin XCRemoteSwiftPackageReference section */
		7D2801AF28A5BD70001E2FD0 /* XCRemoteSwiftPackageReference "swiftui-cached-async-image" */ = {
			isa = XCRemoteSwiftPackageReference;
			repositoryURL = "https://github.com/lorenzofiamingo/swiftui-cached-async-image";
			requirement = {
				kind = upToNextMajorVersion;
				minimumVersion = 2.0.0;
			};
		};
/* End XCRemoteSwiftPackageReference section */

/* Begin XCSwiftPackageProductDependency section */
		7D2801B028A5BD70001E2FD0 /* CachedAsyncImage */ = {
			isa = XCSwiftPackageProductDependency;
			package = 7D2801AF28A5BD70001E2FD0 /* XCRemoteSwiftPackageReference "swiftui-cached-async-image" */;
			productName = CachedAsyncImage;
		};
/* End XCSwiftPackageProductDependency section */
	};
	rootObject = 7DC66B1D28A51D7700BC74BA /* Project object */;
}
